
Microsoft Visual Studio Solution File, Format Version 12.00
# Visual Studio Version 17
VisualStudioVersion = 17.9.34723.18
MinimumVisualStudioVersion = 10.0.40219.1
Project("{FAE04EC0-301F-11D3-BF4B-00C04F79EFBC}") = "SetandDict", "SetandDict\SetandDict.csproj", "{0106C870-D8D9-4ADA-9A30-6D238199B375}"
EndProject
Global
	GlobalSection(SolutionConfigurationPlatforms) = preSolution
		Debug|Any CPU = Debug|Any CPU
		Release|Any CPU = Release|Any CPU
	EndGlobalSection
	GlobalSection(ProjectConfigurationPlatforms) = postSolution
		{0106C870-D8D9-4ADA-9A30-6D238199B375}.Debug|Any CPU.ActiveCfg = Debug|Any CPU
		{0106C870-D8D9-4ADA-9A30-6D238199B375}.Debug|Any CPU.Build.0 = Debug|Any CPU
		{0106C870-D8D9-4ADA-9A30-6D238199B375}.Release|Any CPU.ActiveCfg = Release|Any CPU
		{0106C870-D8D9-4ADA-9A30-6D238199B375}.Release|Any CPU.Build.0 = Release|Any CPU
	EndGlobalSection
	GlobalSection(SolutionProperties) = preSolution
		HideSolutionNode = FALSE
	EndGlobalSection
	GlobalSection(ExtensibilityGlobals) = postSolution
		SolutionGuid = {3E4A496B-1DC2-4FCD-BC12-76B87205EE7A}
	EndGlobalSection
EndGlobal
